
Microsoft Visual Studio Solution File, Format Version 12.00
# Visual Studio Version 16
VisualStudioVersion = 16.0.32413.511
MinimumVisualStudioVersion = 10.0.40219.1
Project("{FAE04EC0-301F-11D3-BF4B-00C04F79EFBC}") = "BL.UI", "BL.UI\BL.UI.csproj", "{E0D29B3C-7AB3-4621-A836-71919E054201}"
EndProject
Project("{FAE04EC0-301F-11D3-BF4B-00C04F79EFBC}") = "BL.DataService", "BL.DataService\BL.DataService.csproj", "{95ADC282-7AEB-4946-A5A6-B138ACF1B427}"
EndProject
Global
	GlobalSection(SolutionConfigurationPlatforms) = preSolution
		Debug|Any CPU = Debug|Any CPU
		Release|Any CPU = Release|Any CPU
	EndGlobalSection
	GlobalSection(ProjectConfigurationPlatforms) = postSolution
		{E0D29B3C-7AB3-4621-A836-71919E054201}.Debug|Any CPU.ActiveCfg = Debug|Any CPU
		{E0D29B3C-7AB3-4621-A836-71919E054201}.Debug|Any CPU.Build.0 = Debug|Any CPU
		{E0D29B3C-7AB3-4621-A836-71919E054201}.Release|Any CPU.ActiveCfg = Release|Any CPU
		{E0D29B3C-7AB3-4621-A836-71919E054201}.Release|Any CPU.Build.0 = Release|Any CPU
		{95ADC282-7AEB-4946-A5A6-B138ACF1B427}.Debug|Any CPU.ActiveCfg = Debug|Any CPU
		{95ADC282-7AEB-4946-A5A6-B138ACF1B427}.Debug|Any CPU.Build.0 = Debug|Any CPU
		{95ADC282-7AEB-4946-A5A6-B138ACF1B427}.Release|Any CPU.ActiveCfg = Release|Any CPU
		{95ADC282-7AEB-4946-A5A6-B138ACF1B427}.Release|Any CPU.Build.0 = Release|Any CPU
	EndGlobalSection
	GlobalSection(SolutionProperties) = preSolution
		HideSolutionNode = FALSE
	EndGlobalSection
	GlobalSection(ExtensibilityGlobals) = postSolution
		SolutionGuid = {84C64CFC-C8B4-4FD0-A055-4E51F7651F1E}
	EndGlobalSection
EndGlobal
